{
  "originHash" : "7ad3e3a86b01017aae95028040ef0f6950edd16d3f7d9f03f309db8ab7fa6bc9",
  "pins" : [
    {
      "identity" : "flyingfox",
      "kind" : "remoteSourceControl",
      "location" : "https://github.com/swhitty/FlyingFox.git",
      "state" : {
        "revision" : "4e246d3fb515bd2069e5c169abdc75808b90548f",
        "version" : "0.27.1"
      }
    }
  ],
  "version" : 3
}
